
Microsoft Visual Studio Solution File, Format Version 12.00
# Visual Studio Version 17
VisualStudioVersion = 17.10.35013.160
MinimumVisualStudioVersion = 10.0.40219.1
Project("{FAE04EC0-301F-11D3-BF4B-00C04F79EFBC}") = "mvvm", "mvvm\mvvm.csproj", "{F6373EA4-3D8F-4554-A56E-F9F95B48BC5B}"
EndProject
Global
	GlobalSection(SolutionConfigurationPlatforms) = preSolution
		Debug|Any CPU = Debug|Any CPU
		Release|Any CPU = Release|Any CPU
	EndGlobalSection
	GlobalSection(ProjectConfigurationPlatforms) = postSolution
		{F6373EA4-3D8F-4554-A56E-F9F95B48BC5B}.Debug|Any CPU.ActiveCfg = Debug|Any CPU
		{F6373EA4-3D8F-4554-A56E-F9F95B48BC5B}.Debug|Any CPU.Build.0 = Debug|Any CPU
		{F6373EA4-3D8F-4554-A56E-F9F95B48BC5B}.Release|Any CPU.ActiveCfg = Release|Any CPU
		{F6373EA4-3D8F-4554-A56E-F9F95B48BC5B}.Release|Any CPU.Build.0 = Release|Any CPU
	EndGlobalSection
	GlobalSection(SolutionProperties) = preSolution
		HideSolutionNode = FALSE
	EndGlobalSection
	GlobalSection(ExtensibilityGlobals) = postSolution
		SolutionGuid = {368F0840-2E81-439E-BA4F-9F2792D552D4}
	EndGlobalSection
EndGlobal
